{
    "_meta": {
        "hash": {
            "sha256": "c44529ccfe2f17c8f05525089d390dfc2b136a6b0072bbe930846ea330150384"
        },
        "pipfile-spec": 6,
        "requires": {
            "python_version": "3.8"
        },
        "sources": [
            {
                "name": "pypi",
                "url": "https://pypi.org/simple",
                "verify_ssl": true
            }
        ]
    },
    "default": {
        "certifi": {
            "hashes": [
                "sha256:2bbf76fd432960138b3ef6dda3dde0544f27cbf8546c458e60baf371917ba9ee",
                "sha256:50b1e4f8446b06f41be7dd6338db18e0990601dce795c2b1686458aa7e8fa7d8"
            ],
            "version": "==2021.5.30"
        },
        "chardet": {
            "hashes": [
                "sha256:0d6f53a15db4120f2b08c94f11e7d93d2c911ee118b6b30a04ec3ee8310179fa",
                "sha256:f864054d66fd9118f2e67044ac8981a54775ec5b67aed0441892edb553d21da5"
            ],
            "version": "==4.0.0"
        },
        "idna": {
            "hashes": [
                "sha256:b307872f855b18632ce0c21c5e45be78c0ea7ae4c15c828c20788b26921eb3f6",
                "sha256:b97d804b1e9b523befed77c48dacec60e6dcb0b5391d57af6a65a312a90648c0"
            ],
            "version": "==2.10"
        },
        "praw": {
            "hashes": [
                "sha256:9773fb5a2f5ab910d6f8e14da84e81d8d3d868261745371341d8b2043588ba7c",
                "sha256:98d435856b34851aaf88575b65b4864f1f7f848913b47e046243bb126682a66f"
            ],
            "index": "pypi",
            "version": "==7.3.0"
        },
        "prawcore": {
            "hashes": [
                "sha256:bde42fad459c4dcfe0f22a18921ef4981ee7cd286ea1de3eb697ba91838c9123",
                "sha256:cb7a01e43202233d62c4f9c0da890f6e6a534cebc16fb6ef1e71aff7077b0f42"
            ],
            "version": "==2.2.0"
        },
        "python-dateutil": {
            "hashes": [
                "sha256:73ebfe9dbf22e832286dafa60473e4cd239f8592f699aa5adaf10050e6e1823c",
                "sha256:75bb3f31ea686f1197762692a9ee6a7550b59fc6ca3a1f4b5d7e32fb98e2da2a"
            ],
            "index": "pypi",
            "version": "==2.8.1"
        },
        "requests": {
            "hashes": [
                "sha256:27973dd4a904a4f13b263a19c866c13b92a39ed1c964655f025f3f8d3d75b804",
                "sha256:c210084e36a42ae6b9219e00e48287def368a26d03a048ddad7bfee44f75871e"
            ],
            "version": "==2.25.1"
        },
        "ruamel.yaml": {
            "hashes": [
                "sha256:106bc8d6dc6a0ff7c9196a47570432036f41d556b779c6b4e618085f57e39e67",
                "sha256:ffb9b703853e9e8b7861606dfdab1026cf02505bade0653d1880f4b2db47f815"
            ],
            "index": "pypi",
            "version": "==0.17.10"
        },
        "ruamel.yaml.clib": {
            "hashes": [
                "sha256:091a38f04f8a332ba7b3dba26197cd522bc29936943b3d1732ce3c463bb6b275",
                "sha256:202e4751f038383241036e79640e7efd23d7272e3ce0cc8a11b9804ad604c5da",
                "sha256:243941fe8f98053662f0394057b29d7146fe56e1b0011971302ea75e4b111529",
                "sha256:2ae2f58c18991c8565d41018177548a91c2f1511d8a185254632388f142fbae9",
                "sha256:2b9a62080d18c7fa17443e37f0d941d1be0a66ddcf5be5253f91cc59a15a9c1e",
                "sha256:2d75c965c407fdef9d1b33cd39faf47aa106d3fa2cf83960ec9ed95c4c9a55bc",
                "sha256:3271fb4a379050735f90177d1e61b5cc9acb5130baf995f3c775fa2aa2b113fb",
                "sha256:329ac9064c1cfff9fc77fbecd90d07d698176fcd0720bfef9c2d27faa09dcc0e",
                "sha256:3e506603394f5a678e9b924324bc1352c0493d7010ab4df687eb6d868631f9fb",
                "sha256:650cc8e65e2568fac84dc14970a09fe21b013a90621fff1626ea6d656cc03dc4",
                "sha256:729869106d5b7eb5e0260f7da4fcfef2cd9b324729fadc08edc27b1e86ad3013",
                "sha256:769468005ce63bad78575b9d9f095f388ac1f45a331969e04135ac9626c3529d",
                "sha256:83d72c5434151071cb67690be0034f9162ea282e58e47f9e8d23e8d14ca96584",
                "sha256:a6d8749819403338093c61ee897b97d0f4aa73297e97feb1705d143c002b5bed",
                "sha256:aa157cee912030d8abfb97b278295abbb7923dedfd892f2e94c22adbf5730398",
                "sha256:b1772bff158f785085ebc8e635a0b9450f0072413bc89d8fc7f0ee803d1ab7f8",
                "sha256:b9f95ae85986b53d6d0d253d570a9bb3a229e5319f1f76b2ba7809fa86cad890",
                "sha256:c8a04c3f62a0b6a2696d003dd30e96e0b9d4a5ff450fe359c39a4a7466b9b935",
                "sha256:f012b89c56f936e31f12a1484f08964c4681ae75488bc79c8909f37c517500f6",
                "sha256:f997f13fd94e37e8b7d7dbe759088bb428adc6570da06b64a913d932d891ac8d",
                "sha256:fd400bd19ea3e86bad9fb5176ab7efb6efb5e440cc2fd435c86de021620d8fa7"
            ],
            "markers": "platform_python_implementation == 'CPython' and python_version < '3.10'",
            "version": "==0.2.4"
        },
        "six": {
            "hashes": [
                "sha256:1e61c37477a1626458e36f7b1d82aa5c9b094fa4802892072e49de9c60c4c926",
                "sha256:8abb2f1d86890a2dfb989f9a77cfcfd3e47c2a354b01111771326f8aa26e0254"
            ],
            "version": "==1.16.0"
        },
        "update-checker": {
            "hashes": [
                "sha256:6a2d45bb4ac585884a6b03f9eade9161cedd9e8111545141e9aa9058932acb13",
                "sha256:cbba64760a36fe2640d80d85306e8fe82b6816659190993b7bdabadee4d4bbfd"
            ],
            "version": "==0.18.0"
        },
        "urllib3": {
            "hashes": [
                "sha256:39fb8672126159acb139a7718dd10806104dec1e2f0f6c88aab05d17df10c8d4",
                "sha256:f57b4c16c62fa2760b7e3d97c35b255512fb6b59a259730f36ba32ce9f8e342f"
            ],
            "version": "==1.26.6"
        },
        "websocket-client": {
            "hashes": [
                "sha256:b68e4959d704768fa20e35c9d508c8dc2bbc041fd8d267c0d7345cffe2824568",
                "sha256:e5c333bfa9fa739538b652b6f8c8fc2559f1d364243c8a689d7c0e1d41c2e611"
            ],
            "version": "==1.1.0"
        },
        "whois": {
            "hashes": [
                "sha256:478a4f10673412d774078f74302b2b62cbab20fbda9216918815687582a0c68d"
            ],
            "index": "pypi",
            "version": "==0.9.13"
        }
    },
    "develop": {
        "attrs": {
            "hashes": [
                "sha256:149e90d6d8ac20db7a955ad60cf0e6881a3f20d37096140088356da6c716b0b1",
                "sha256:ef6aaac3ca6cd92904cdd0d83f629a15f18053ec84e6432106f7a4d04ae4f5fb"
            ],
            "version": "==21.2.0"
        },
        "iniconfig": {
            "hashes": [
                "sha256:011e24c64b7f47f6ebd835bb12a743f2fbe9a26d4cecaa7f53bc4f35ee9da8b3",
                "sha256:bc3af051d7d14b2ee5ef9969666def0cd1a000e121eaea580d4a313df4b37f32"
            ],
            "version": "==1.1.1"
        },
        "mock": {
            "hashes": [
                "sha256:122fcb64ee37cfad5b3f48d7a7d51875d7031aaf3d8be7c42e2bee25044eee62",
                "sha256:7d3fbbde18228f4ff2f1f119a45cdffa458b4c0dee32eb4d2bb2f82554bac7bc"
            ],
            "index": "pypi",
            "version": "==4.0.3"
        },
        "packaging": {
            "hashes": [
                "sha256:5b327ac1320dc863dca72f4514ecc086f31186744b84a230374cc1fd776feae5",
                "sha256:67714da7f7bc052e064859c05c595155bd1ee9f69f76557e21f051443c20947a"
            ],
            "version": "==20.9"
        },
        "pluggy": {
            "hashes": [
                "sha256:15b2acde666561e1298d71b523007ed7364de07029219b604cf808bfa1c765b0",
                "sha256:966c145cd83c96502c3c3868f50408687b38434af77734af1e9ca461a4081d2d"
            ],
            "version": "==0.13.1"
        },
        "py": {
            "hashes": [
                "sha256:21b81bda15b66ef5e1a777a21c4dcd9c20ad3efd0b3f817e7a809035269e1bd3",
                "sha256:3b80836aa6d1feeaa108e046da6423ab8f6ceda6468545ae8d02d9d58d18818a"
            ],
            "version": "==1.10.0"
        },
        "pyparsing": {
            "hashes": [
                "sha256:c203ec8783bf771a155b207279b9bccb8dea02d8f0c9e5f8ead507bc3246ecc1",
                "sha256:ef9d7589ef3c200abe66653d3f1ab1033c3c419ae9b9bdb1240a85b024efc88b"
            ],
            "version": "==2.4.7"
        },
        "pytest": {
            "hashes": [
                "sha256:50bcad0a0b9c5a72c8e4e7c9855a3ad496ca6a881a3641b4260605450772c54b",
                "sha256:91ef2131a9bd6be8f76f1f08eac5c5317221d6ad1e143ae03894b862e8976890"
            ],
            "index": "pypi",
            "version": "==6.2.4"
        },
        "python-dotenv": {
            "hashes": [
                "sha256:dd8fe852847f4fbfadabf6183ddd4c824a9651f02d51714fa075c95561959c7d",
                "sha256:effaac3c1e58d89b3ccb4d04a40dc7ad6e0275fda25fd75ae9d323e2465e202d"
            ],
            "index": "pypi",
            "version": "==0.18.0"
        },
        "toml": {
            "hashes": [
                "sha256:806143ae5bfb6a3c6e736a764057db0e6a0e05e338b5630894a5f779cabb4f9b",
                "sha256:b3bda1d108d5dd99f4a20d24d9c348e91c4db7ab1b749200bded2f839ccbe68f"
            ],
            "version": "==0.10.2"
        }
    }
}
